PODS:
  - FBSnapshotTestCase (2.1.4):
    - FBSnapshotTestCase/SwiftSupport (= 2.1.4)
  - FBSnapshotTestCase/Core (2.1.4)
  - FBSnapshotTestCase/SwiftSupport (2.1.4):
    - FBSnapshotTestCase/Core
  - FCImageEditor (0.1.0)

DEPENDENCIES:
  - FBSnapshotTestCase
  - FCImageEditor (from `../`)

EXTERNAL SOURCES:
  FCImageEditor:
    :path: ../

SPEC CHECKSUMS:
  FBSnapshotTestCase: 094f9f314decbabe373b87cc339bea235a63e07a
  FCImageEditor: 69761a4f04364c8884bdaf01a69844ff65d569e6

PODFILE CHECKSUM: 2ed28f1691f0471da0af15f929ed2a0093948e3c

COCOAPODS: 1.2.1
